
Microsoft Visual Studio Solution File, Format Version 12.00
# Visual Studio Version 16
VisualStudioVersion = 16.0.29613.14
MinimumVisualStudioVersion = 10.0.40219.1
Project("{9A19103F-16F7-4668-BE54-9A1E7A4F7556}") = "Monty_Hall", "Monty Hall\Monty_Hall.csproj", "{F297BD31-55B5-4504-A074-23463F79419A}"
EndProject
Project("{9A19103F-16F7-4668-BE54-9A1E7A4F7556}") = "Monty_Hall_UnitTests", "Monty_Hall_UnitTests\Monty_Hall_UnitTests.csproj", "{AC89A573-0347-4229-941D-981DEE38BCF5}"
EndProject
Global
	GlobalSection(SolutionConfigurationPlatforms) = preSolution
		Debug|Any CPU = Debug|Any CPU
		Release|Any CPU = Release|Any CPU
	EndGlobalSection
	GlobalSection(ProjectConfigurationPlatforms) = postSolution
		{F297BD31-55B5-4504-A074-23463F79419A}.Debug|Any CPU.ActiveCfg = Debug|Any CPU
		{F297BD31-55B5-4504-A074-23463F79419A}.Debug|Any CPU.Build.0 = Debug|Any CPU
		{F297BD31-55B5-4504-A074-23463F79419A}.Release|Any CPU.ActiveCfg = Release|Any CPU
		{F297BD31-55B5-4504-A074-23463F79419A}.Release|Any CPU.Build.0 = Release|Any CPU
		{AC89A573-0347-4229-941D-981DEE38BCF5}.Debug|Any CPU.ActiveCfg = Debug|Any CPU
		{AC89A573-0347-4229-941D-981DEE38BCF5}.Debug|Any CPU.Build.0 = Debug|Any CPU
		{AC89A573-0347-4229-941D-981DEE38BCF5}.Release|Any CPU.ActiveCfg = Release|Any CPU
		{AC89A573-0347-4229-941D-981DEE38BCF5}.Release|Any CPU.Build.0 = Release|Any CPU
	EndGlobalSection
	GlobalSection(SolutionProperties) = preSolution
		HideSolutionNode = FALSE
	EndGlobalSection
	GlobalSection(ExtensibilityGlobals) = postSolution
		SolutionGuid = {E3DA6685-94D7-4556-92F1-F1C0DEA20083}
	EndGlobalSection
EndGlobal
